# This file was autogenerated by uv via the following command:
#    uv pip compile pyproject.toml --extra dev -o requirements.lock
accessible-pygments==0.0.5
    # via furo
alabaster==1.0.0
    # via sphinx
babel==2.17.0
    # via sphinx
beautifulsoup4==4.14.2
    # via furo
certifi==2025.8.3
    # via requests
charset-normalizer==3.4.3
    # via requests
click==8.3.0
    # via pores-generator (pyproject.toml)
docutils==0.21.2
    # via sphinx
furo==2025.9.25
    # via pores-generator (pyproject.toml)
idna==3.10
    # via requests
imageio==2.37.0
    # via scikit-image
imagesize==1.4.1
    # via sphinx
iniconfig==2.1.0
    # via pytest
jinja2==3.1.6
    # via sphinx
lazy-loader==0.4
    # via scikit-image
markupsafe==3.0.3
    # via jinja2
networkx==3.5
    # via scikit-image
numpy==2.3.3
    # via
    #   pores-generator (pyproject.toml)
    #   imageio
    #   opencv-python-headless
    #   scikit-image
    #   scipy
    #   tifffile
opencv-python-headless==4.11.0.86
    # via pores-generator (pyproject.toml)
packaging==25.0
    # via
    #   lazy-loader
    #   pytest
    #   scikit-image
    #   sphinx
pillow==11.3.0
    # via
    #   imageio
    #   scikit-image
pluggy==1.6.0
    # via pytest
pygments==2.19.2
    # via
    #   accessible-pygments
    #   furo
    #   pytest
    #   sphinx
pytest==8.4.2
    # via pores-generator (pyproject.toml)
requests==2.32.5
    # via sphinx
roman-numerals-py==3.1.0
    # via sphinx
scikit-image==0.25.2
    # via pores-generator (pyproject.toml)
scipy==1.16.2
    # via scikit-image
snowballstemmer==3.0.1
    # via sphinx
soupsieve==2.8
    # via beautifulsoup4
sphinx==8.2.3
    # via
    #   pores-generator (pyproject.toml)
    #   furo
    #   sphinx-basic-ng
sphinx-basic-ng==1.0.0b2
    # via furo
sphinxcontrib-applehelp==2.0.0
    # via sphinx
sphinxcontrib-devhelp==2.0.0
    # via sphinx
sphinxcontrib-htmlhelp==2.1.0
    # via sphinx
sphinxcontrib-jsmath==1.0.1
    # via sphinx
sphinxcontrib-qthelp==2.0.0
    # via sphinx
sphinxcontrib-serializinghtml==2.0.0
    # via sphinx
tifffile==2025.9.30
    # via scikit-image
tqdm==4.67.1
    # via pores-generator (pyproject.toml)
typing-extensions==4.15.0
    # via beautifulsoup4
urllib3==2.5.0
    # via requests
